{
  "name": "WebContractPEP",
  "lockfileVersion": 3,
  "requires": true,
  "packages": {
    "": {
      "dependencies": {
        "@editorjs/editorjs": "^2.28.0",
        "respond.js": "^1.4.2",
        "summernote": "^0.8.20",
        "wysiwyg.js": "^2.0.0"
      }
    },
    "node_modules/@editorjs/editorjs": {
      "version": "2.28.0",
      "resolved": "https://registry.npmjs.org/@editorjs/editorjs/-/editorjs-2.28.0.tgz",
      "integrity": "sha512-v0KxSoX4MSZR5HyEbCo0vBri+qdThasABH9u1O1wC3ZxNMO7FiPJ580rp6uTPeFSDSQBmOL3VmRm7ZMfI3iKAg=="
    },
    "node_modules/respond.js": {
      "version": "1.4.2",
      "resolved": "https://registry.npmjs.org/respond.js/-/respond.js-1.4.2.tgz",
      "integrity": "sha512-CnKoEKjfyyrldG/D05DW0qtAyLQ4sm4si4Bq4GDsMPd1KMUAuQI224aybMkG/D5IVOB6PYdtYvjbeiAJo1V0rA=="
    },
    "node_modules/summernote": {
      "version": "0.8.20",
      "resolved": "https://registry.npmjs.org/summernote/-/summernote-0.8.20.tgz",
      "integrity": "sha512-W9RhjQjsn+b1s9xiJQgJbCiYGJaDAc9CdEqXo+D13WuStG8lCdtKaO5AiNiSSMJsQJN2EfGSwbBQt+SFE2B8Kw==",
      "hasInstallScript": true
    },
    "node_modules/wysiwyg.js": {
      "version": "2.0.0",
      "resolved": "https://registry.npmjs.org/wysiwyg.js/-/wysiwyg.js-2.0.0.tgz",
      "integrity": "sha512-QMtYQR2ReF/3C/N10ZHUPj6CHQeJh5Q1sQjR9gReF04hq6WmMbosVq/D/Jx7y+LIXXqUQ8eOaJMRTAyjGoXb+Q=="
    }
  }
}
